// !$*UTF8*$!
{
	archiveVersion = 1;
	classes = {
	};
	objectVersion = 56;
	objects = {

/* Begin PBXBuildFile section */
		5DCAAC842A7D39BD00D64002 /* CarouselViewSwiftUIApp.swift in Sources */ = {isa = PBXBuildFile; fileRef = 5DCAAC832A7D39BD00D64002 /* CarouselViewSwiftUIApp.swift */; };
		5DCAAC862A7D39BD00D64002 /* ContentView.swift in Sources */ = {isa = PBXBuildFile; fileRef = 5DCAAC852A7D39BD00D64002 /* ContentView.swift */; };
		5DCAAC882A7D39BE00D64002 /* Assets.xcassets in Resources */ = {isa = PBXBuildFile; fileRef = 5DCAAC872A7D39BE00D64002 /* Assets.xcassets */; };
		5DCAAC8B2A7D39BE00D64002 /* Preview Assets.xcassets in Resources */ = {isa = PBXBuildFile; fileRef = 5DCAAC8A2A7D39BE00D64002 /* Preview Assets.xcassets */; };
		5DCAAC952A7D39BE00D64002 /* CarouselViewSwiftUITests.swift in Sources */ = {isa = PBXBuildFile; fileRef = 5DCAAC942A7D39BE00D64002 /* CarouselViewSwiftUITests.swift */; };
		5DCAAC9F2A7D39BE00D64002 /* CarouselViewSwiftUIUITests.swift in Sources */ = {isa = PBXBuildFile; fileRef = 5DCAAC9E2A7D39BE00D64002 /* CarouselViewSwiftUIUITests.swift */; };
		5DCAACA12A7D39BE00D64002 /* CarouselViewSwiftUIUITestsLaunchTests.swift in Sources */ = {isa = PBXBuildFile; fileRef = 5DCAACA02A7D39BE00D64002 /* CarouselViewSwiftUIUITestsLaunchTests.swift */; };
/* End PBXBuildFile section */

/* Begin PBXContainerItemProxy section */
		5DCAAC912A7D39BE00D64002 /* PBXContainerItemProxy */ = {
			isa = PBXContainerItemProxy;
			containerPortal = 5DCAAC782A7D39BD00D64002 /* Project object */;
			proxyType = 1;
			remoteGlobalIDString = 5DCAAC7F2A7D39BD00D64002;
			remoteInfo = CarouselViewSwiftUI;
		};
		5DCAAC9B2A7D39BE00D64002 /* PBXContainerItemProxy */ = {
			isa = PBXContainerItemProxy;
			containerPortal = 5DCAAC782A7D39BD00D64002 /* Project object */;
			proxyType = 1;
			remoteGlobalIDString = 5DCAAC7F2A7D39BD00D64002;
			remoteInfo = CarouselViewSwiftUI;
		};
/* End PBXContainerItemProxy section */

/* Begin PBXFileReference section */
		5DCAAC802A7D39BD00D64002 /* CarouselViewSwiftUI.app */ = {isa = PBXFileReference; explicitFileType = wrapper.application; includeInIndex = 0; path = CarouselViewSwiftUI.app; sourceTree = BUILT_PRODUCTS_DIR; };
		5DCAAC832A7D39BD00D64002 /* CarouselViewSwiftUIApp.swift */ = {isa = PBXFileReference; lastKnownFileType = sourcecode.swift; path = CarouselViewSwiftUIApp.swift; sourceTree = "<group>"; };
		5DCAAC852A7D39BD00D64002 /* ContentView.swift */ = {isa = PBXFileReference; lastKnownFileType = sourcecode.swift; path = ContentView.swift; sourceTree = "<group>"; };
		5DCAAC872A7D39BE00D64002 /* Assets.xcassets */ = {isa = PBXFileReference; lastKnownFileType = folder.assetcatalog; path = Assets.xcassets; sourceTree = "<group>"; };
		5DCAAC8A2A7D39BE00D64002 /* Preview Assets.xcassets */ = {isa = PBXFileReference; lastKnownFileType = folder.assetcatalog; path = "Preview Assets.xcassets"; sourceTree = "<group>"; };
		5DCAAC902A7D39BE00D64002 /* CarouselViewSwiftUITests.xctest */ = {isa = PBXFileReference; explicitFileType = wrapper.cfbundle; includeInIndex = 0; path = CarouselViewSwiftUITests.xctest; sourceTree = BUILT_PRODUCTS_DIR; };
		5DCAAC942A7D39BE00D64002 /* CarouselViewSwiftUITests.swift */ = {isa = PBXFileReference; lastKnownFileType = sourcecode.swift; path = CarouselViewSwiftUITests.swift; sourceTree = "<group>"; };
		5DCAAC9A2A7D39BE00D64002 /* CarouselViewSwiftUIUITests.xctest */ = {isa = PBXFileReference; explicitFileType = wrapper.cfbundle; includeInIndex = 0; path = CarouselViewSwiftUIUITests.xctest; sourceTree = BUILT_PRODUCTS_DIR; };
		5DCAAC9E2A7D39BE00D64002 /* CarouselViewSwiftUIUITests.swift */ = {isa = PBXFileReference; lastKnownFileType = sourcecode.swift; path = CarouselViewSwiftUIUITests.swift; sourceTree = "<group>"; };
		5DCAACA02A7D39BE00D64002 /* CarouselViewSwiftUIUITestsLaunchTests.swift */ = {isa = PBXFileReference; lastKnownFileType = sourcecode.swift; path = CarouselViewSwiftUIUITestsLaunchTests.swift; sourceTree = "<group>"; };
/* End PBXFileReference section */

/* Begin PBXFrameworksBuildPhase section */
		5DCAAC7D2A7D39BD00D64002 /* Frameworks */ = {
			isa = PBXFrameworksBuildPhase;
			buildActionMask = 2147483647;
			files = (
			);
			runOnlyForDeploymentPostprocessing = 0;
		};
		5DCAAC8D2A7D39BE00D64002 /* Frameworks */ = {
			isa = PBXFrameworksBuildPhase;
			buildActionMask = 2147483647;
			files = (
			);
			runOnlyForDeploymentPostprocessing = 0;
		};
		5DCAAC972A7D39BE00D64002 /* Frameworks */ = {
			isa = PBXFrameworksBuildPhase;
			buildActionMask = 2147483647;
			files = (
			);
			runOnlyForDeploymentPostprocessing = 0;
		};
/* End PBXFrameworksBuildPhase section */

/* Begin PBXGroup section */
		5DCAAC772A7D39BD00D64002 = {
			isa = PBXGroup;
			children = (
				5DCAAC822A7D39BD00D64002 /* CarouselViewSwiftUI */,
				5DCAAC932A7D39BE00D64002 /* CarouselViewSwiftUITests */,
				5DCAAC9D2A7D39BE00D64002 /* CarouselViewSwiftUIUITests */,
				5DCAAC812A7D39BD00D64002 /* Products */,
			);
			sourceTree = "<group>";
		};
		5DCAAC812A7D39BD00D64002 /* Products */ = {
			isa = PBXGroup;
			children = (
				5DCAAC802A7D39BD00D64002 /* CarouselViewSwiftUI.app */,
				5DCAAC902A7D39BE00D64002 /* CarouselViewSwiftUITests.xctest */,
				5DCAAC9A2A7D39BE00D64002 /* CarouselViewSwiftUIUITests.xctest */,
			);
			name = Products;
			sourceTree = "<group>";
		};
		5DCAAC822A7D39BD00D64002 /* CarouselViewSwiftUI */ = {
			isa = PBXGroup;
			children = (
				5DCAAC832A7D39BD00D64002 /* CarouselViewSwiftUIApp.swift */,
				5DCAAC852A7D39BD00D64002 /* ContentView.swift */,
				5DCAAC872A7D39BE00D64002 /* Assets.xcassets */,
				5DCAAC892A7D39BE00D64002 /* Preview Content */,
			);
			path = CarouselViewSwiftUI;
			sourceTree = "<group>";
		};
		5DCAAC892A7D39BE00D64002 /* Preview Content */ = {
			isa = PBXGroup;
			children = (
				5DCAAC8A2A7D39BE00D64002 /* Preview Assets.xcassets */,
			);
			path = "Preview Content";
			sourceTree = "<group>";
		};
		5DCAAC932A7D39BE00D64002 /* CarouselViewSwiftUITests */ = {
			isa = PBXGroup;
			children = (
				5DCAAC942A7D39BE00D64002 /* CarouselViewSwiftUITests.swift */,
			);
			path = CarouselViewSwiftUITests;
			sourceTree = "<group>";
		};
		5DCAAC9D2A7D39BE00D64002 /* CarouselViewSwiftUIUITests */ = {
			isa = PBXGroup;
			children = (
				5DCAAC9E2A7D39BE00D64002 /* CarouselViewSwiftUIUITests.swift */,
				5DCAACA02A7D39BE00D64002 /* CarouselViewSwiftUIUITestsLaunchTests.swift */,
			);
			path = CarouselViewSwiftUIUITests;
			sourceTree = "<group>";
		};
/* End PBXGroup section */

/* Begin PBXNativeTarget section */
		5DCAAC7F2A7D39BD00D64002 /* CarouselViewSwiftUI */ = {
			isa = PBXNativeTarget;
			buildConfigurationList = 5DCAACA42A7D39BE00D64002 /* Build configuration list for PBXNativeTarget "CarouselViewSwiftUI" */;
			buildPhases = (
				5DCAAC7C2A7D39BD00D64002 /* Sources */,
				5DCAAC7D2A7D39BD00D64002 /* Frameworks */,
				5DCAAC7E2A7D39BD00D64002 /* Resources */,
			);
			buildRules = (
			);
			dependencies = (
			);
			name = CarouselViewSwiftUI;
			productName = CarouselViewSwiftUI;
			productReference = 5DCAAC802A7D39BD00D64002 /* CarouselViewSwiftUI.app */;
			productType = "com.apple.product-type.application";
		};
		5DCAAC8F2A7D39BE00D64002 /* CarouselViewSwiftUITests */ = {
			isa = PBXNativeTarget;
			buildConfigurationList = 5DCAACA72A7D39BE00D64002 /* Build configuration list for PBXNativeTarget "CarouselViewSwiftUITests" */;
			buildPhases = (
				5DCAAC8C2A7D39BE00D64002 /* Sources */,
				5DCAAC8D2A7D39BE00D64002 /* Frameworks */,
				5DCAAC8E2A7D39BE00D64002 /* Resources */,
			);
			buildRules = (
			);
			dependencies = (
				5DCAAC922A7D39BE00D64002 /* PBXTargetDependency */,
			);
			name = CarouselViewSwiftUITests;
			productName = CarouselViewSwiftUITests;
			productReference = 5DCAAC902A7D39BE00D64002 /* CarouselViewSwiftUITests.xctest */;
			productType = "com.apple.product-type.bundle.unit-test";
		};
		5DCAAC992A7D39BE00D64002 /* CarouselViewSwiftUIUITests */ = {
			isa = PBXNativeTarget;
			buildConfigurationList = 5DCAACAA2A7D39BE00D64002 /* Build configuration list for PBXNativeTarget "CarouselViewSwiftUIUITests" */;
			buildPhases = (
				5DCAAC962A7D39BE00D64002 /* Sources */,
				5DCAAC972A7D39BE00D64002 /* Frameworks */,
				5DCAAC982A7D39BE00D64002 /* Resources */,
			);
			buildRules = (
			);
			dependencies = (
				5DCAAC9C2A7D39BE00D64002 /* PBXTargetDependency */,
			);
			name = CarouselViewSwiftUIUITests;
			productName = CarouselViewSwiftUIUITests;
			productReference = 5DCAAC9A2A7D39BE00D64002 /* CarouselViewSwiftUIUITests.xctest */;
			productType = "com.apple.product-type.bundle.ui-testing";
		};
/* End PBXNativeTarget section */

/* Begin PBXProject section */
		5DCAAC782A7D39BD00D64002 /* Project object */ = {
			isa = PBXProject;
			attributes = {
				BuildIndependentTargetsInParallel = 1;
				LastSwiftUpdateCheck = 1430;
				LastUpgradeCheck = 1430;
				TargetAttributes = {
					5DCAAC7F2A7D39BD00D64002 = {
						CreatedOnToolsVersion = 14.3.1;
					};
					5DCAAC8F2A7D39BE00D64002 = {
						CreatedOnToolsVersion = 14.3.1;
						TestTargetID = 5DCAAC7F2A7D39BD00D64002;
					};
					5DCAAC992A7D39BE00D64002 = {
						CreatedOnToolsVersion = 14.3.1;
						TestTargetID = 5DCAAC7F2A7D39BD00D64002;
					};
				};
			};
			buildConfigurationList = 5DCAAC7B2A7D39BD00D64002 /* Build configuration list for PBXProject "CarouselViewSwiftUI" */;
			compatibilityVersion = "Xcode 14.0";
			developmentRegion = en;
			hasScannedForEncodings = 0;
			knownRegions = (
				en,
				Base,
			);
			mainGroup = 5DCAAC772A7D39BD00D64002;
			productRefGroup = 5DCAAC812A7D39BD00D64002 /* Products */;
			projectDirPath = "";
			projectRoot = "";
			targets = (
				5DCAAC7F2A7D39BD00D64002 /* CarouselViewSwiftUI */,
				5DCAAC8F2A7D39BE00D64002 /* CarouselViewSwiftUITests */,
				5DCAAC992A7D39BE00D64002 /* CarouselViewSwiftUIUITests */,
			);
		};
/* End PBXProject section */

/* Begin PBXResourcesBuildPhase section */
		5DCAAC7E2A7D39BD00D64002 /* Resources */ = {
			isa = PBXResourcesBuildPhase;
			buildActionMask = 2147483647;
			files = (
				5DCAAC8B2A7D39BE00D64002 /* Preview Assets.xcassets in Resources */,
				5DCAAC882A7D39BE00D64002 /* Assets.xcassets in Resources */,
			);
			runOnlyForDeploymentPostprocessing = 0;
		};
		5DCAAC8E2A7D39BE00D64002 /* Resources */ = {
			isa = PBXResourcesBuildPhase;
			buildActionMask = 2147483647;
			files = (
			);
			runOnlyForDeploymentPostprocessing = 0;
		};
		5DCAAC982A7D39BE00D64002 /* Resources */ = {
			isa = PBXResourcesBuildPhase;
			buildActionMask = 2147483647;
			files = (
			);
			runOnlyForDeploymentPostprocessing = 0;
		};
/* End PBXResourcesBuildPhase section */

/* Begin PBXSourcesBuildPhase section */
		5DCAAC7C2A7D39BD00D64002 /* Sources */ = {
			isa = PBXSourcesBuildPhase;
			buildActionMask = 2147483647;
			files = (
				5DCAAC862A7D39BD00D64002 /* ContentView.swift in Sources */,
				5DCAAC842A7D39BD00D64002 /* CarouselViewSwiftUIApp.swift in Sources */,
			);
			runOnlyForDeploymentPostprocessing = 0;
		};
		5DCAAC8C2A7D39BE00D64002 /* Sources */ = {
			isa = PBXSourcesBuildPhase;
			buildActionMask = 2147483647;
			files = (
				5DCAAC952A7D39BE00D64002 /* CarouselViewSwiftUITests.swift in Sources */,
			);
			runOnlyForDeploymentPostprocessing = 0;
		};
		5DCAAC962A7D39BE00D64002 /* Sources */ = {
			isa = PBXSourcesBuildPhase;
			buildActionMask = 2147483647;
			files = (
				5DCAAC9F2A7D39BE00D64002 /* CarouselViewSwiftUIUITests.swift in Sources */,
				5DCAACA12A7D39BE00D64002 /* CarouselViewSwiftUIUITestsLaunchTests.swift in Sources */,
			);
			runOnlyForDeploymentPostprocessing = 0;
		};
/* End PBXSourcesBuildPhase section */

/* Begin PBXTargetDependency section */
		5DCAAC922A7D39BE00D64002 /* PBXTargetDependency */ = {
			isa = PBXTargetDependency;
			target = 5DCAAC7F2A7D39BD00D64002 /* CarouselViewSwiftUI */;
			targetProxy = 5DCAAC912A7D39BE00D64002 /* PBXContainerItemProxy */;
		};
		5DCAAC9C2A7D39BE00D64002 /* PBXTargetDependency */ = {
			isa = PBXTargetDependency;
			target = 5DCAAC7F2A7D39BD00D64002 /* CarouselViewSwiftUI */;
			targetProxy = 5DCAAC9B2A7D39BE00D64002 /* PBXContainerItemProxy */;
		};
/* End PBXTargetDependency section */

/* Begin XCBuildConfiguration section */
		5DCAACA22A7D39BE00D64002 /* Debug */ = {
			isa = XCBuildConfiguration;
			buildSettings = {
				ALWAYS_SEARCH_USER_PATHS = NO;
				CLANG_ANALYZER_NONNULL = YES;
				CLANG_ANALYZER_NUMBER_OBJECT_CONVERSION = YES_AGGRESSIVE;
				CLANG_CXX_LANGUAGE_STANDARD = "gnu++20";
				CLANG_ENABLE_MODULES = YES;
				CLANG_ENABLE_OBJC_ARC = YES;
				CLANG_ENABLE_OBJC_WEAK = YES;
				CLANG_WARN_BLOCK_CAPTURE_AUTORELEASING = YES;
				CLANG_WARN_BOOL_CONVERSION = YES;
				CLANG_WARN_COMMA = YES;
				CLANG_WARN_CONSTANT_CONVERSION = YES;
				CLANG_WARN_DEPRECATED_OBJC_IMPLEMENTATIONS = YES;
				CLANG_WARN_DIRECT_OBJC_ISA_USAGE = YES_ERROR;
				CLANG_WARN_DOCUMENTATION_COMMENTS = YES;
				CLANG_WARN_EMPTY_BODY = YES;
				CLANG_WARN_ENUM_CONVERSION = YES;
				CLANG_WARN_INFINITE_RECURSION = YES;
				CLANG_WARN_INT_CONVERSION = YES;
				CLANG_WARN_NON_LITERAL_NULL_CONVERSION = YES;
				CLANG_WARN_OBJC_IMPLICIT_RETAIN_SELF = YES;
				CLANG_WARN_OBJC_LITERAL_CONVERSION = YES;
				CLANG_WARN_OBJC_ROOT_CLASS = YES_ERROR;
				CLANG_WARN_QUOTED_INCLUDE_IN_FRAMEWORK_HEADER = YES;
				CLANG_WARN_RANGE_LOOP_ANALYSIS = YES;
				CLANG_WARN_STRICT_PROTOTYPES = YES;
				CLANG_WARN_SUSPICIOUS_MOVE = YES;
				CLANG_WARN_UNGUARDED_AVAILABILITY = YES_AGGRESSIVE;
				CLANG_WARN_UNREACHABLE_CODE = YES;
				CLANG_WARN__DUPLICATE_METHOD_MATCH = YES;
				COPY_PHASE_STRIP = NO;
				DEBUG_INFORMATION_FORMAT = dwarf;
				ENABLE_STRICT_OBJC_MSGSEND = YES;
				ENABLE_TESTABILITY = YES;
				GCC_C_LANGUAGE_STANDARD = gnu11;
				GCC_DYNAMIC_NO_PIC = NO;
				GCC_NO_COMMON_BLOCKS = YES;
				GCC_OPTIMIZATION_LEVEL = 0;
				GCC_PREPROCESSOR_DEFINITIONS = (
					"DEBUG=1",
					"$(inherited)",
				);
				GCC_WARN_64_TO_32_BIT_CONVERSION = YES;
				GCC_WARN_ABOUT_RETURN_TYPE = YES_ERROR;
				GCC_WARN_UNDECLARED_SELECTOR = YES;
				GCC_WARN_UNINITIALIZED_AUTOS = YES_AGGRESSIVE;
				GCC_WARN_UNUSED_FUNCTION = YES;
				GCC_WARN_UNUSED_VARIABLE = YES;
				IPHONEOS_DEPLOYMENT_TARGET = 16.4;
				MTL_ENABLE_DEBUG_INFO = INCLUDE_SOURCE;
				MTL_FAST_MATH = YES;
				ONLY_ACTIVE_ARCH = YES;
				SDKROOT = iphoneos;
				SWIFT_ACTIVE_COMPILATION_CONDITIONS = DEBUG;
				SWIFT_OPTIMIZATION_LEVEL = "-Onone";
			};
			name = Debug;
		};
		5DCAACA32A7D39BE00D64002 /* Release */ = {
			isa = XCBuildConfiguration;
			buildSettings = {
				ALWAYS_SEARCH_USER_PATHS = NO;
				CLANG_ANALYZER_NONNULL = YES;
				CLANG_ANALYZER_NUMBER_OBJECT_CONVERSION = YES_AGGRESSIVE;
				CLANG_CXX_LANGUAGE_STANDARD = "gnu++20";
				CLANG_ENABLE_MODULES = YES;
				CLANG_ENABLE_OBJC_ARC = YES;
				CLANG_ENABLE_OBJC_WEAK = YES;
				CLANG_WARN_BLOCK_CAPTURE_AUTORELEASING = YES;
				CLANG_WARN_BOOL_CONVERSION = YES;
				CLANG_WARN_COMMA = YES;
				CLANG_WARN_CONSTANT_CONVERSION = YES;
				CLANG_WARN_DEPRECATED_OBJC_IMPLEMENTATIONS = YES;
				CLANG_WARN_DIRECT_OBJC_ISA_USAGE = YES_ERROR;
				CLANG_WARN_DOCUMENTATION_COMMENTS = YES;
				CLANG_WARN_EMPTY_BODY = YES;
				CLANG_WARN_ENUM_CONVERSION = YES;
				CLANG_WARN_INFINITE_RECURSION = YES;
				CLANG_WARN_INT_CONVERSION = YES;
				CLANG_WARN_NON_LITERAL_NULL_CONVERSION = YES;
				CLANG_WARN_OBJC_IMPLICIT_RETAIN_SELF = YES;
				CLANG_WARN_OBJC_LITERAL_CONVERSION = YES;
				CLANG_WARN_OBJC_ROOT_CLASS = YES_ERROR;
				CLANG_WARN_QUOTED_INCLUDE_IN_FRAMEWORK_HEADER = YES;
				CLANG_WARN_RANGE_LOOP_ANALYSIS = YES;
				CLANG_WARN_STRICT_PROTOTYPES = YES;
				CLANG_WARN_SUSPICIOUS_MOVE = YES;
				CLANG_WARN_UNGUARDED_AVAILABILITY = YES_AGGRESSIVE;
				CLANG_WARN_UNREACHABLE_CODE = YES;
				CLANG_WARN__DUPLICATE_METHOD_MATCH = YES;
				COPY_PHASE_STRIP = NO;
				DEBUG_INFORMATION_FORMAT = "dwarf-with-dsym";
				ENABLE_NS_ASSERTIONS = NO;
				ENABLE_STRICT_OBJC_MSGSEND = YES;
				GCC_C_LANGUAGE_STANDARD = gnu11;
				GCC_NO_COMMON_BLOCKS = YES;
				GCC_WARN_64_TO_32_BIT_CONVERSION = YES;
				GCC_WARN_ABOUT_RETURN_TYPE = YES_ERROR;
				GCC_WARN_UNDECLARED_SELECTOR = YES;
				GCC_WARN_UNINITIALIZED_AUTOS = YES_AGGRESSIVE;
				GCC_WARN_UNUSED_FUNCTION = YES;
				GCC_WARN_UNUSED_VARIABLE = YES;
				IPHONEOS_DEPLOYMENT_TARGET = 16.4;
				MTL_ENABLE_DEBUG_INFO = NO;
				MTL_FAST_MATH = YES;
				SDKROOT = iphoneos;
				SWIFT_COMPILATION_MODE = wholemodule;
				SWIFT_OPTIMIZATION_LEVEL = "-O";
				VALIDATE_PRODUCT = YES;
			};
			name = Release;
		};
		5DCAACA52A7D39BE00D64002 /* Debug */ = {
			isa = XCBuildConfiguration;
			buildSettings = {
				ASSETCATALOG_COMPILER_APPICON_NAME = AppIcon;
				ASSETCATALOG_COMPILER_GLOBAL_ACCENT_COLOR_NAME = AccentColor;
				CODE_SIGN_STYLE = Automatic;
				CURRENT_PROJECT_VERSION = 1;
				DEVELOPMENT_ASSET_PATHS = "\"CarouselViewSwiftUI/Preview Content\"";
				ENABLE_PREVIEWS = YES;
				GENERATE_INFOPLIST_FILE = YES;
				INFOPLIST_KEY_UIApplicationSceneManifest_Generation = YES;
				INFOPLIST_KEY_UIApplicationSupportsIndirectInputEvents = YES;
				INFOPLIST_KEY_UILaunchScreen_Generation = YES;
				INFOPLIST_KEY_UISupportedInterfaceOrientations_iPad = "UIInterfaceOrientationPortrait UIInterfaceOrientationPortraitUpsideDown UIInterfaceOrientationLandscapeLeft UIInterfaceOrientationLandscapeRight";
				INFOPLIST_KEY_UISupportedInterfaceOrientations_iPhone = "UIInterfaceOrientationPortrait UIInterfaceOrientationLandscapeLeft UIInterfaceOrientationLandscapeRight";
				LD_RUNPATH_SEARCH_PATHS = (
					"$(inherited)",
					"@executable_path/Frameworks",
				);
				MARKETING_VERSION = 1.0;
				PRODUCT_BUNDLE_IDENTIFIER = com.learning.CarouselViewSwiftUI;
				PRODUCT_NAME = "$(TARGET_NAME)";
				SWIFT_EMIT_LOC_STRINGS = YES;
				SWIFT_VERSION = 5.0;
				TARGETED_DEVICE_FAMILY = "1,2";
			};
			name = Debug;
		};
		5DCAACA62A7D39BE00D64002 /* Release */ = {
			isa = XCBuildConfiguration;
			buildSettings = {
				ASSETCATALOG_COMPILER_APPICON_NAME = AppIcon;
				ASSETCATALOG_COMPILER_GLOBAL_ACCENT_COLOR_NAME = AccentColor;
				CODE_SIGN_STYLE = Automatic;
				CURRENT_PROJECT_VERSION = 1;
				DEVELOPMENT_ASSET_PATHS = "\"CarouselViewSwiftUI/Preview Content\"";
				ENABLE_PREVIEWS = YES;
				GENERATE_INFOPLIST_FILE = YES;
				INFOPLIST_KEY_UIApplicationSceneManifest_Generation = YES;
				INFOPLIST_KEY_UIApplicationSupportsIndirectInputEvents = YES;
				INFOPLIST_KEY_UILaunchScreen_Generation = YES;
				INFOPLIST_KEY_UISupportedInterfaceOrientations_iPad = "UIInterfaceOrientationPortrait UIInterfaceOrientationPortraitUpsideDown UIInterfaceOrientationLandscapeLeft UIInterfaceOrientationLandscapeRight";
				INFOPLIST_KEY_UISupportedInterfaceOrientations_iPhone = "UIInterfaceOrientationPortrait UIInterfaceOrientationLandscapeLeft UIInterfaceOrientationLandscapeRight";
				LD_RUNPATH_SEARCH_PATHS = (
					"$(inherited)",
					"@executable_path/Frameworks",
				);
				MARKETING_VERSION = 1.0;
				PRODUCT_BUNDLE_IDENTIFIER = com.learning.CarouselViewSwiftUI;
				PRODUCT_NAME = "$(TARGET_NAME)";
				SWIFT_EMIT_LOC_STRINGS = YES;
				SWIFT_VERSION = 5.0;
				TARGETED_DEVICE_FAMILY = "1,2";
			};
			name = Release;
		};
		5DCAACA82A7D39BE00D64002 /* Debug */ = {
			isa = XCBuildConfiguration;
			buildSettings = {
				ALWAYS_EMBED_SWIFT_STANDARD_LIBRARIES = YES;
				BUNDLE_LOADER = "$(TEST_HOST)";
				CODE_SIGN_STYLE = Automatic;
				CURRENT_PROJECT_VERSION = 1;
				GENERATE_INFOPLIST_FILE = YES;
				IPHONEOS_DEPLOYMENT_TARGET = 16.4;
				MARKETING_VERSION = 1.0;
				PRODUCT_BUNDLE_IDENTIFIER = com.learning.CarouselViewSwiftUITests;
				PRODUCT_NAME = "$(TARGET_NAME)";
				SWIFT_EMIT_LOC_STRINGS = NO;
				SWIFT_VERSION = 5.0;
				TARGETED_DEVICE_FAMILY = "1,2";
				TEST_HOST = "$(BUILT_PRODUCTS_DIR)/CarouselViewSwiftUI.app/$(BUNDLE_EXECUTABLE_FOLDER_PATH)/CarouselViewSwiftUI";
			};
			name = Debug;
		};
		5DCAACA92A7D39BE00D64002 /* Release */ = {
			isa = XCBuildConfiguration;
			buildSettings = {
				ALWAYS_EMBED_SWIFT_STANDARD_LIBRARIES = YES;
				BUNDLE_LOADER = "$(TEST_HOST)";
				CODE_SIGN_STYLE = Automatic;
				CURRENT_PROJECT_VERSION = 1;
				GENERATE_INFOPLIST_FILE = YES;
				IPHONEOS_DEPLOYMENT_TARGET = 16.4;
				MARKETING_VERSION = 1.0;
				PRODUCT_BUNDLE_IDENTIFIER = com.learning.CarouselViewSwiftUITests;
				PRODUCT_NAME = "$(TARGET_NAME)";
				SWIFT_EMIT_LOC_STRINGS = NO;
				SWIFT_VERSION = 5.0;
				TARGETED_DEVICE_FAMILY = "1,2";
				TEST_HOST = "$(BUILT_PRODUCTS_DIR)/CarouselViewSwiftUI.app/$(BUNDLE_EXECUTABLE_FOLDER_PATH)/CarouselViewSwiftUI";
			};
			name = Release;
		};
		5DCAACAB2A7D39BE00D64002 /* Debug */ = {
			isa = XCBuildConfiguration;
			buildSettings = {
				ALWAYS_EMBED_SWIFT_STANDARD_LIBRARIES = YES;
				CODE_SIGN_STYLE = Automatic;
				CURRENT_PROJECT_VERSION = 1;
				GENERATE_INFOPLIST_FILE = YES;
				MARKETING_VERSION = 1.0;
				PRODUCT_BUNDLE_IDENTIFIER = com.learning.CarouselViewSwiftUIUITests;
				PRODUCT_NAME = "$(TARGET_NAME)";
				SWIFT_EMIT_LOC_STRINGS = NO;
				SWIFT_VERSION = 5.0;
				TARGETED_DEVICE_FAMILY = "1,2";
				TEST_TARGET_NAME = CarouselViewSwiftUI;
			};
			name = Debug;
		};
		5DCAACAC2A7D39BE00D64002 /* Release */ = {
			isa = XCBuildConfiguration;
			buildSettings = {
				ALWAYS_EMBED_SWIFT_STANDARD_LIBRARIES = YES;
				CODE_SIGN_STYLE = Automatic;
				CURRENT_PROJECT_VERSION = 1;
				GENERATE_INFOPLIST_FILE = YES;
				MARKETING_VERSION = 1.0;
				PRODUCT_BUNDLE_IDENTIFIER = com.learning.CarouselViewSwiftUIUITests;
				PRODUCT_NAME = "$(TARGET_NAME)";
				SWIFT_EMIT_LOC_STRINGS = NO;
				SWIFT_VERSION = 5.0;
				TARGETED_DEVICE_FAMILY = "1,2";
				TEST_TARGET_NAME = CarouselViewSwiftUI;
			};
			name = Release;
		};
/* End XCBuildConfiguration section */

/* Begin XCConfigurationList section */
		5DCAAC7B2A7D39BD00D64002 /* Build configuration list for PBXProject "CarouselViewSwiftUI" */ = {
			isa = XCConfigurationList;
			buildConfigurations = (
				5DCAACA22A7D39BE00D64002 /* Debug */,
				5DCAACA32A7D39BE00D64002 /* Release */,
			);
			defaultConfigurationIsVisible = 0;
			defaultConfigurationName = Release;
		};
		5DCAACA42A7D39BE00D64002 /* Build configuration list for PBXNativeTarget "CarouselViewSwiftUI" */ = {
			isa = XCConfigurationList;
			buildConfigurations = (
				5DCAACA52A7D39BE00D64002 /* Debug */,
				5DCAACA62A7D39BE00D64002 /* Release */,
			);
			defaultConfigurationIsVisible = 0;
			defaultConfigurationName = Release;
		};
		5DCAACA72A7D39BE00D64002 /* Build configuration list for PBXNativeTarget "CarouselViewSwiftUITests" */ = {
			isa = XCConfigurationList;
			buildConfigurations = (
				5DCAACA82A7D39BE00D64002 /* Debug */,
				5DCAACA92A7D39BE00D64002 /* Release */,
			);
			defaultConfigurationIsVisible = 0;
			defaultConfigurationName = Release;
		};
		5DCAACAA2A7D39BE00D64002 /* Build configuration list for PBXNativeTarget "CarouselViewSwiftUIUITests" */ = {
			isa = XCConfigurationList;
			buildConfigurations = (
				5DCAACAB2A7D39BE00D64002 /* Debug */,
				5DCAACAC2A7D39BE00D64002 /* Release */,
			);
			defaultConfigurationIsVisible = 0;
			defaultConfigurationName = Release;
		};
/* End XCConfigurationList section */
	};
	rootObject = 5DCAAC782A7D39BD00D64002 /* Project object */;
}
